
Microsoft Visual Studio Solution File, Format Version 11.00
# Visual Studio 2010
Project("{FAE04EC0-301F-11D3-BF4B-00C04F79EFBC}") = "AddressBook_mvc3_jQuery", "AddressBook_mvc3_jQuery.csproj", "{8EC95A11-237B-4070-828E-0D5EF01CBC58}"
EndProject
Global
	GlobalSection(SolutionConfigurationPlatforms) = preSolution
		Debug|Any CPU = Debug|Any CPU
		Release|Any CPU = Release|Any CPU
	EndGlobalSection
	GlobalSection(ProjectConfigurationPlatforms) = postSolution
		{8EC95A11-237B-4070-828E-0D5EF01CBC58}.Debug|Any CPU.ActiveCfg = Debug|Any CPU
		{8EC95A11-237B-4070-828E-0D5EF01CBC58}.Debug|Any CPU.Build.0 = Debug|Any CPU
		{8EC95A11-237B-4070-828E-0D5EF01CBC58}.Release|Any CPU.ActiveCfg = Release|Any CPU
		{8EC95A11-237B-4070-828E-0D5EF01CBC58}.Release|Any CPU.Build.0 = Release|Any CPU
	EndGlobalSection
	GlobalSection(MonoDevelopProperties) = preSolution
		StartupItem = AddressBook_mvc3_jQuery.csproj
	EndGlobalSection
EndGlobal
